
Microsoft Visual Studio Solution File, Format Version 12.00
# Visual Studio Version 17
VisualStudioVersion = 17.14.36915.13 d17.14
MinimumVisualStudioVersion = 10.0.40219.1
Project("{FAE04EC0-301F-11D3-BF4B-00C04F79EFBC}") = "DictionnaireApp", "DictionnaireApp.csproj", "{166B9090-AC93-47BA-A2D3-76553E9DBAB6}"
EndProject
Project("{FAE04EC0-301F-11D3-BF4B-00C04F79EFBC}") = "HachageApp", "..\..\HachageApp\HachageApp\HachageApp.csproj", "{F3227AC9-4142-4DCE-B054-9AE0AD1E0C2D}"
EndProject
Global
	GlobalSection(SolutionConfigurationPlatforms) = preSolution
		Debug|Any CPU = Debug|Any CPU
		Release|Any CPU = Release|Any CPU
	EndGlobalSection
	GlobalSection(ProjectConfigurationPlatforms) = postSolution
		{166B9090-AC93-47BA-A2D3-76553E9DBAB6}.Debug|Any CPU.ActiveCfg = Debug|Any CPU
		{166B9090-AC93-47BA-A2D3-76553E9DBAB6}.Debug|Any CPU.Build.0 = Debug|Any CPU
		{166B9090-AC93-47BA-A2D3-76553E9DBAB6}.Release|Any CPU.ActiveCfg = Release|Any CPU
		{166B9090-AC93-47BA-A2D3-76553E9DBAB6}.Release|Any CPU.Build.0 = Release|Any CPU
		{F3227AC9-4142-4DCE-B054-9AE0AD1E0C2D}.Debug|Any CPU.ActiveCfg = Debug|Any CPU
		{F3227AC9-4142-4DCE-B054-9AE0AD1E0C2D}.Debug|Any CPU.Build.0 = Debug|Any CPU
		{F3227AC9-4142-4DCE-B054-9AE0AD1E0C2D}.Release|Any CPU.ActiveCfg = Release|Any CPU
		{F3227AC9-4142-4DCE-B054-9AE0AD1E0C2D}.Release|Any CPU.Build.0 = Release|Any CPU
	EndGlobalSection
	GlobalSection(SolutionProperties) = preSolution
		HideSolutionNode = FALSE
	EndGlobalSection
	GlobalSection(ExtensibilityGlobals) = postSolution
		SolutionGuid = {312C0A08-02A9-4B55-A34B-9390C304C4EF}
	EndGlobalSection
EndGlobal
